
Microsoft Visual Studio Solution File, Format Version 12.00
# Visual Studio Version 17
VisualStudioVersion = 17.0.31903.59
MinimumVisualStudioVersion = 10.0.40219.1
Project("{FAE04EC0-301F-11D3-BF4B-00C04F79EFBC}") = "SPORTSGURUKUL.Api", "SPORTSGURUKUL.Api\SPORTSGURUKUL.Api.csproj", "{5EEBDFFA-DF32-4F29-878C-E2C9A5013B6D}"
EndProject
Project("{FAE04EC0-301F-11D3-BF4B-00C04F79EFBC}") = "SPORTSGURUKUL.Domain", "SPORTSGURUKUL.Domain\SPORTSGURUKUL.Domain.csproj", "{B496B64E-F110-44F3-8670-F5B6CD919D51}"
EndProject
Project("{FAE04EC0-301F-11D3-BF4B-00C04F79EFBC}") = "SPORTSGURUKUL.Application", "SPORTSGURUKUL.Application\SPORTSGURUKUL.Application.csproj", "{D6B7DAFD-7AD4-4DFB-B43E-84C1EAFDB31D}"
EndProject
Project("{FAE04EC0-301F-11D3-BF4B-00C04F79EFBC}") = "SPORTSGURUKUL.Infrastructure", "SPORTSGURUKUL.Infrastructure\SPORTSGURUKUL.Infrastructure.csproj", "{874B45AE-1558-4D0B-9922-D84E1945D26C}"
EndProject
Project("{2150E333-8FDC-42A3-9474-1A3956D46DE8}") = "tests", "tests", "{0AB3BF05-4346-4AA6-1389-037BE0695223}"
EndProject
Project("{FAE04EC0-301F-11D3-BF4B-00C04F79EFBC}") = "SPORTSGURUKUL.Tests", "tests\SPORTSGURUKUL.Tests\SPORTSGURUKUL.Tests.csproj", "{AF452427-50CB-405D-9231-B5D46AFC96F4}"
EndProject
Global
	GlobalSection(SolutionConfigurationPlatforms) = preSolution
		Debug|Any CPU = Debug|Any CPU
		Debug|x64 = Debug|x64
		Debug|x86 = Debug|x86
		Release|Any CPU = Release|Any CPU
		Release|x64 = Release|x64
		Release|x86 = Release|x86
	EndGlobalSection
	GlobalSection(ProjectConfigurationPlatforms) = postSolution
		{5EEBDFFA-DF32-4F29-878C-E2C9A5013B6D}.Debug|Any CPU.ActiveCfg = Debug|Any CPU
		{5EEBDFFA-DF32-4F29-878C-E2C9A5013B6D}.Debug|Any CPU.Build.0 = Debug|Any CPU
		{5EEBDFFA-DF32-4F29-878C-E2C9A5013B6D}.Debug|x64.ActiveCfg = Debug|Any CPU
		{5EEBDFFA-DF32-4F29-878C-E2C9A5013B6D}.Debug|x64.Build.0 = Debug|Any CPU
		{5EEBDFFA-DF32-4F29-878C-E2C9A5013B6D}.Debug|x86.ActiveCfg = Debug|Any CPU
		{5EEBDFFA-DF32-4F29-878C-E2C9A5013B6D}.Debug|x86.Build.0 = Debug|Any CPU
		{5EEBDFFA-DF32-4F29-878C-E2C9A5013B6D}.Release|Any CPU.ActiveCfg = Release|Any CPU
		{5EEBDFFA-DF32-4F29-878C-E2C9A5013B6D}.Release|Any CPU.Build.0 = Release|Any CPU
		{5EEBDFFA-DF32-4F29-878C-E2C9A5013B6D}.Release|x64.ActiveCfg = Release|Any CPU
		{5EEBDFFA-DF32-4F29-878C-E2C9A5013B6D}.Release|x64.Build.0 = Release|Any CPU
		{5EEBDFFA-DF32-4F29-878C-E2C9A5013B6D}.Release|x86.ActiveCfg = Release|Any CPU
		{5EEBDFFA-DF32-4F29-878C-E2C9A5013B6D}.Release|x86.Build.0 = Release|Any CPU
		{B496B64E-F110-44F3-8670-F5B6CD919D51}.Debug|Any CPU.ActiveCfg = Debug|Any CPU
		{B496B64E-F110-44F3-8670-F5B6CD919D51}.Debug|Any CPU.Build.0 = Debug|Any CPU
		{B496B64E-F110-44F3-8670-F5B6CD919D51}.Debug|x64.ActiveCfg = Debug|Any CPU
		{B496B64E-F110-44F3-8670-F5B6CD919D51}.Debug|x64.Build.0 = Debug|Any CPU
		{B496B64E-F110-44F3-8670-F5B6CD919D51}.Debug|x86.ActiveCfg = Debug|Any CPU
		{B496B64E-F110-44F3-8670-F5B6CD919D51}.Debug|x86.Build.0 = Debug|Any CPU
		{B496B64E-F110-44F3-8670-F5B6CD919D51}.Release|Any CPU.ActiveCfg = Release|Any CPU
		{B496B64E-F110-44F3-8670-F5B6CD919D51}.Release|Any CPU.Build.0 = Release|Any CPU
		{B496B64E-F110-44F3-8670-F5B6CD919D51}.Release|x64.ActiveCfg = Release|Any CPU
		{B496B64E-F110-44F3-8670-F5B6CD919D51}.Release|x64.Build.0 = Release|Any CPU
		{B496B64E-F110-44F3-8670-F5B6CD919D51}.Release|x86.ActiveCfg = Release|Any CPU
		{B496B64E-F110-44F3-8670-F5B6CD919D51}.Release|x86.Build.0 = Release|Any CPU
		{D6B7DAFD-7AD4-4DFB-B43E-84C1EAFDB31D}.Debug|Any CPU.ActiveCfg = Debug|Any CPU
		{D6B7DAFD-7AD4-4DFB-B43E-84C1EAFDB31D}.Debug|Any CPU.Build.0 = Debug|Any CPU
		{D6B7DAFD-7AD4-4DFB-B43E-84C1EAFDB31D}.Debug|x64.ActiveCfg = Debug|Any CPU
		{D6B7DAFD-7AD4-4DFB-B43E-84C1EAFDB31D}.Debug|x64.Build.0 = Debug|Any CPU
		{D6B7DAFD-7AD4-4DFB-B43E-84C1EAFDB31D}.Debug|x86.ActiveCfg = Debug|Any CPU
		{D6B7DAFD-7AD4-4DFB-B43E-84C1EAFDB31D}.Debug|x86.Build.0 = Debug|Any CPU
		{D6B7DAFD-7AD4-4DFB-B43E-84C1EAFDB31D}.Release|Any CPU.ActiveCfg = Release|Any CPU
		{D6B7DAFD-7AD4-4DFB-B43E-84C1EAFDB31D}.Release|Any CPU.Build.0 = Release|Any CPU
		{D6B7DAFD-7AD4-4DFB-B43E-84C1EAFDB31D}.Release|x64.ActiveCfg = Release|Any CPU
		{D6B7DAFD-7AD4-4DFB-B43E-84C1EAFDB31D}.Release|x64.Build.0 = Release|Any CPU
		{D6B7DAFD-7AD4-4DFB-B43E-84C1EAFDB31D}.Release|x86.ActiveCfg = Release|Any CPU
		{D6B7DAFD-7AD4-4DFB-B43E-84C1EAFDB31D}.Release|x86.Build.0 = Release|Any CPU
		{874B45AE-1558-4D0B-9922-D84E1945D26C}.Debug|Any CPU.ActiveCfg = Debug|Any CPU
		{874B45AE-1558-4D0B-9922-D84E1945D26C}.Debug|Any CPU.Build.0 = Debug|Any CPU
		{874B45AE-1558-4D0B-9922-D84E1945D26C}.Debug|x64.ActiveCfg = Debug|Any CPU
		{874B45AE-1558-4D0B-9922-D84E1945D26C}.Debug|x64.Build.0 = Debug|Any CPU
		{874B45AE-1558-4D0B-9922-D84E1945D26C}.Debug|x86.ActiveCfg = Debug|Any CPU
		{874B45AE-1558-4D0B-9922-D84E1945D26C}.Debug|x86.Build.0 = Debug|Any CPU
		{874B45AE-1558-4D0B-9922-D84E1945D26C}.Release|Any CPU.ActiveCfg = Release|Any CPU
		{874B45AE-1558-4D0B-9922-D84E1945D26C}.Release|Any CPU.Build.0 = Release|Any CPU
		{874B45AE-1558-4D0B-9922-D84E1945D26C}.Release|x64.ActiveCfg = Release|Any CPU
		{874B45AE-1558-4D0B-9922-D84E1945D26C}.Release|x64.Build.0 = Release|Any CPU
		{874B45AE-1558-4D0B-9922-D84E1945D26C}.Release|x86.ActiveCfg = Release|Any CPU
		{874B45AE-1558-4D0B-9922-D84E1945D26C}.Release|x86.Build.0 = Release|Any CPU
		{AF452427-50CB-405D-9231-B5D46AFC96F4}.Debug|Any CPU.ActiveCfg = Debug|Any CPU
		{AF452427-50CB-405D-9231-B5D46AFC96F4}.Debug|Any CPU.Build.0 = Debug|Any CPU
		{AF452427-50CB-405D-9231-B5D46AFC96F4}.Debug|x64.ActiveCfg = Debug|Any CPU
		{AF452427-50CB-405D-9231-B5D46AFC96F4}.Debug|x64.Build.0 = Debug|Any CPU
		{AF452427-50CB-405D-9231-B5D46AFC96F4}.Debug|x86.ActiveCfg = Debug|Any CPU
		{AF452427-50CB-405D-9231-B5D46AFC96F4}.Debug|x86.Build.0 = Debug|Any CPU
		{AF452427-50CB-405D-9231-B5D46AFC96F4}.Release|Any CPU.ActiveCfg = Release|Any CPU
		{AF452427-50CB-405D-9231-B5D46AFC96F4}.Release|Any CPU.Build.0 = Release|Any CPU
		{AF452427-50CB-405D-9231-B5D46AFC96F4}.Release|x64.ActiveCfg = Release|Any CPU
		{AF452427-50CB-405D-9231-B5D46AFC96F4}.Release|x64.Build.0 = Release|Any CPU
		{AF452427-50CB-405D-9231-B5D46AFC96F4}.Release|x86.ActiveCfg = Release|Any CPU
		{AF452427-50CB-405D-9231-B5D46AFC96F4}.Release|x86.Build.0 = Release|Any CPU
	EndGlobalSection
	GlobalSection(SolutionProperties) = preSolution
		HideSolutionNode = FALSE
	EndGlobalSection
	GlobalSection(NestedProjects) = preSolution
		{AF452427-50CB-405D-9231-B5D46AFC96F4} = {0AB3BF05-4346-4AA6-1389-037BE0695223}
	EndGlobalSection
EndGlobal
